# THIS IS AN AUTOGENERATED FILE. DO NOT EDIT THIS FILE DIRECTLY.
# yarn lockfile v1


activestorage@^0.1.1:
  version "0.1.1"
  resolved "https://registry.yarnpkg.com/activestorage/-/activestorage-0.1.1.tgz#a5db701467e80e6a139fb1a8e77977829115f131"

flow-bin@^0.65.0:
  version "0.65.0"
  resolved "https://registry.yarnpkg.com/flow-bin/-/flow-bin-0.65.0.tgz#64ffeca27211c786e2d68508c65686ba1b8a2169"
